# THIS IS AN AUTOGENERATED FILE. DO NOT EDIT THIS FILE DIRECTLY.
# yarn lockfile v1


after@0.8.1:
  version "0.8.1"
  resolved "https://registry.npmmirror.com/after/-/after-0.8.1.tgz#ab5d4fb883f596816d3515f8f791c0af486dd627"
  integrity sha512-SuI3vWhCFeSmkmmJ3efyuOkrhGyp/AuHthh3F5DinGYh2kR9t/0xUlm3/Vn2qMScfgg+cKho5fW7TUEYUhYeiA==

anymatch@^1.1.0:
  version "1.3.2"
  resolved "https://registry.npmmirror.com/anymatch/-/anymatch-1.3.2.tgz#553dcb8f91e3c889845dfdba34c77721b90b9d7a"
  integrity sha512-0XNayC8lTHQ2OI8aljNCN3sSx6hsr/1+rlcDAotXJR7C1oZZHCNsfpbKwMjRA3Uqb5tF1Rae2oloTr4xpq+WjA==
  dependencies:
    micromatch "^2.1.5"
    normalize-path "^2.0.0"

arr-diff@^2.0.0:
  version "2.0.0"
  resolved "https://registry.npmmirror.com/arr-diff/-/arr-diff-2.0.0.tgz#8f3b827f955a8bd669697e4a4256ac3ceae356cf"
  integrity sha512-dtXTVMkh6VkEEA7OhXnN1Ecb8aAGFdZ1LFxtOCoqj4qkyOJMt7+qs6Ahdy6p/NQCPYsRSXXivhSB/J5E9jmYKA==
  dependencies:
    arr-flatten "^1.0.1"

arr-flatten@^1.0.1:
  version "1.1.0"
  resolved "https://registry.npmmirror.com/arr-flatten/-/arr-flatten-1.1.0.tgz#36048bbff4e7b47e136644316c99669ea5ae91f1"
  integrity sha512-L3hKV5R/p5o81R7O02IGnwpDmkp6E982XhtbuwSe3O4qOtMMMtodicASA1Cny2U+aCXcNpml+m4dPsvsJ3jatg==

array-unique@^0.2.1:
  version "0.2.1"
  resolved "https://registry.npmmirror.com/array-unique/-/array-unique-0.2.1.tgz#a1d97ccafcbc2625cc70fadceb36a50c58b01a53"
  integrity sha512-G2n5bG5fSUCpnsXz4+8FUkYsGPkNfLn9YvS66U5qbTIXI2Ynnlo4Bi42bWv+omKUCqz+ejzfClwne0alJWJPhg==

arraybuffer.slice@0.0.6:
  version "0.0.6"
  resolved "https://registry.npmmirror.com/arraybuffer.slice/-/arraybuffer.slice-0.0.6.tgz#f33b2159f0532a3f3107a272c0ccfbd1ad2979ca"
  integrity sha512-6ZjfQaBSy6CuIH0+B0NrxMfDE5VIOCP/5gOqSpEIsaAZx9/giszzrXg6PZ7G51U/n88UmlAgYLNQ9wAnII7PJA==

async-each@^0.1.5:
  version "0.1.6"
  resolved "https://registry.npmmirror.com/async-each/-/async-each-0.1.6.tgz#b67e99edcddf96541e44af56290cd7d5c6e70439"
  integrity sha512-+AOhqLFrKKsf3E6oWhYzSX/YPEZztxHi6W3TU6LoQFuZjzSt5tqITd0ZJh2Qy3vsWoFj6HTIEBRKqPiS70HzjQ==

backo2@1.0.2:
  version "1.0.2"
  resolved "https://registry.npmmirror.com/backo2/-/backo2-1.0.2.tgz#31ab1ac8b129363463e35b3ebb69f4dfcfba7947"
  integrity sha512-zj6Z6M7Eq+PBZ7PQxl5NT665MvJdAkzp0f60nAJ+sLaSCBPMwVak5ZegFbgVCzFcCJTKFoMizvM5Ld7+JrRJHA==

base64-arraybuffer@0.1.2:
  version "0.1.2"
  resolved "https://registry.npmmirror.com/base64-arraybuffer/-/base64-arraybuffer-0.1.2.tgz#474df4a9f2da24e05df3158c3b1db3c3cd46a154"
  integrity sha512-ewBKKVVPIl78B26mYQHYlaxR7NydMiD/GxwLNIwTAfLIE4xhN2Gxcy30//azq5UrejXjzGpWjcBu3NUJxzMMzg==

base64id@0.1.0:
  version "0.1.0"
  resolved "https://registry.npmmirror.com/base64id/-/base64id-0.1.0.tgz#02ce0fdeee0cef4f40080e1e73e834f0b1bfce3f"
  integrity sha512-DSjtfjhAsHl9J4OJj7e4+toV2zqxJrGwVd3CLlsCp8QmicvOn7irG0Mb8brOc/nur3SdO8lIbNlY1s1ZDJdUKQ==

benchmark@1.0.0:
  version "1.0.0"
  resolved "https://registry.npmmirror.com/benchmark/-/benchmark-1.0.0.tgz#2f1e2fa4c359f11122aa183082218e957e390c73"
  integrity sha512-qSlOi0If8sI+icu3l/W5rd4R0etJz9orLPWpDdt1lPgEFzEHYYnkfMuotj+Lx5SyMkmfawlPoW9RmoEm19ziHA==

better-assert@~1.0.0:
  version "1.0.2"
  resolved "https://registry.npmmirror.com/better-assert/-/better-assert-1.0.2.tgz#40866b9e1b9e0b55b481894311e68faffaebc522"
  integrity sha512-bYeph2DFlpK1XmGs6fvlLRUN29QISM3GBuUwSFsMY2XRx4AvC0WNCS57j4c/xGrK2RS24C1w3YoBOsw9fT46tQ==
  dependencies:
    callsite "1.0.0"

binary-extensions@^1.0.0:
  version "1.13.1"
  resolved "https://registry.npmmirror.com/binary-extensions/-/binary-extensions-1.13.1.tgz#598afe54755b2868a5330d2aff9d4ebb53209b65"
  integrity sha512-Un7MIEDdUC5gNpcGDV97op1Ywk748MpHcFTHoYs6qnj1Z3j7I53VG3nwZhKzoBZmbdRNnb6WRdFlwl7tSDuZGw==

blob@0.0.2:
  version "0.0.2"
  resolved "https://registry.npmmirror.com/blob/-/blob-0.0.2.tgz#b89562bd6994af95ba1e812155536333aa23cf24"
  integrity sha512-BoCcDt8zBGShn6DawAGQw37s9SSs+fEjiZWDzyB+841PbOogcR2X7LGlM4sR3Zsiq/zoyl8MFWDfN6oDSlveBQ==

braces@^1.8.2:
  version "1.8.5"
  resolved "https://registry.npmmirror.com/braces/-/braces-1.8.5.tgz#ba77962e12dff969d6b76711e914b737857bf6a7"
  integrity sha512-xU7bpz2ytJl1bH9cgIurjpg/n8Gohy9GTw81heDYLJQ4RU60dlyJsa+atVF2pI0yMMvKxI9HkKwjePCj5XI1hw==
  dependencies:
    expand-range "^1.8.1"
    preserve "^0.2.0"
    repeat-element "^1.1.2"

buffer-crc32@0.2.1:
  version "0.2.1"
  resolved "https://registry.npmmirror.com/buffer-crc32/-/buffer-crc32-0.2.1.tgz#be3e5382fc02b6d6324956ac1af98aa98b08534c"
  integrity sha512-vMfBIRp/wjlpueSz7Sb0OmO7C5SH58SSmbsT8G4D48YfO/Zgbr29xNXMpZVSC14ujVJfrZZH1Bl+kXYRQPuvfQ==

bytes@0.2.1:
  version "0.2.1"
  resolved "https://registry.npmmirror.com/bytes/-/bytes-0.2.1.tgz#555b08abcb063f8975905302523e4cd4ffdfdf31"
  integrity sha512-odbk8/wGazOuC1v8v4phoV285/yx8UN5kfQhhuxaVcceig4OUiCZQBtaEtmA1Q78QSTN9iXOQ7X2EViybrEvtQ==

callsite@1.0.0:
  version "1.0.0"
  resolved "https://registry.npmmirror.com/callsite/-/callsite-1.0.0.tgz#280398e5d664bd74038b6f0905153e6e8af1bc20"
  integrity sha512-0vdNRFXn5q+dtOqjfFtmtlI9N2eVZ7LMyEV2iKC5mEEFvSg/69Ml6b/WU2qF8W1nLRa0wiSrDT3Y5jOHZCwKPQ==

chokidar@1.0.0-rc3:
  version "1.0.0-rc3"
  resolved "https://registry.npmmirror.com/chokidar/-/chokidar-1.0.0-rc3.tgz#f95d5e60c7d66eb53136c8999c47e9d4f37118f5"
  integrity sha512-oj+7cyPncU3XJzgVxWOG9cMJscy0i79yA/QCghVrMB+w+lK+6xdQDGOp85FuNidS6eOdea8KKO9NcVOBqGwLIA==
  dependencies:
    anymatch "^1.1.0"
    async-each "^0.1.5"
    glob-parent "^1.0.0"
    is-binary-path "^1.0.0"
    readdirp "^1.3.0"
  optionalDependencies:
    fsevents "^0.3.1"

colors@>=0.6.0-1:
  version "1.4.0"
  resolved "https://registry.npmmirror.com/colors/-/colors-1.4.0.tgz#c50491479d4c1bdaed2c9ced32cf7c7dc2360f78"
  integrity sha512-a+UqTh4kgZg/SlGvfbzDHpgRu7AAQOmmqRHJnxhRZICKFUT91brVhNNt58CMWU9PsBbv3PDCZUHbVxuDiH2mtA==

commander@^2.2.0:
  version "2.20.3"
  resolved "https://registry.npmmirror.com/commander/-/commander-2.20.3.tgz#fd485e84c03eb4881c20722ba48035e8531aeb33"
  integrity sha512-GpVkmM8vF2vQUkj2LvZmD35JxeJOLCwJ9cUkugyk2nuhbv3+mJvpLYYt+0+USMxE+oj+ey/lJEnhZw75x/OMcQ==

commander@~0.6.1:
  version "0.6.1"
  resolved "https://registry.npmmirror.com/commander/-/commander-0.6.1.tgz#fa68a14f6a945d54dbbe50d8cdb3320e9e3b1a06"
  integrity sha512-0fLycpl1UMTGX257hRsu/arL/cUbcvQM4zMKwvLvzXtfdezIV4yotPS2dYtknF+NmEfWSoCEF6+hj9XLm/6hEw==

component-bind@1.0.0:
  version "1.0.0"
  resolved "https://registry.npmmirror.com/component-bind/-/component-bind-1.0.0.tgz#00c608ab7dcd93897c0009651b1d3a8e1e73bbd1"
  integrity sha512-WZveuKPeKAG9qY+FkYDeADzdHyTYdIboXS59ixDeRJL5ZhxpqUnxSOwop4FQjMsiYm3/Or8cegVbpAHNA7pHxw==

component-emitter@1.1.2:
  version "1.1.2"
  resolved "https://registry.npmmirror.com/component-emitter/-/component-emitter-1.1.2.tgz#296594f2753daa63996d2af08d15a95116c9aec3"
  integrity sha512-YhIbp3PJiznERfjlIkK0ue4obZxt2S60+0W8z24ZymOHT8sHloOqWOqZRU2eN5OlY8U08VFsP02letcu26FilA==

component-inherit@0.0.3:
  version "0.0.3"
  resolved "https://registry.npmmirror.com/component-inherit/-/component-inherit-0.0.3.tgz#645fc4adf58b72b649d5cae65135619db26ff143"
  integrity sha512-w+LhYREhatpVqTESyGFg3NlP6Iu0kEKUHETY9GoZP/pQyW4mHFZuFWRUCIqVPZ36ueVLtoOEZaAqbCF2RDndaA==

connect@2.11.0:
  version "2.11.0"
  resolved "https://registry.npmmirror.com/connect/-/connect-2.11.0.tgz#9991ce09ff9b85d9ead27f9d41d0b2a2df2f9284"
  integrity sha512-JqXBn1Y5zO+1vEI/wGPFoLjlqu+6XdRSzPUALYshbaojvSw+OAKkChwT50adCdQEeQwakSimu4mhDBjupp0RNg==
  dependencies:
    buffer-crc32 "0.2.1"
    bytes "0.2.1"
    cookie "0.1.0"
    cookie-signature "1.0.1"
    debug "*"
    fresh "0.2.0"
    methods "0.0.1"
    multiparty "2.2.0"
    negotiator "0.3.0"
    pause "0.0.1"
    qs "0.6.5"
    raw-body "0.0.3"
    send "0.1.4"
    uid2 "0.0.3"

cookie-signature@1.0.1:
  version "1.0.1"
  resolved "https://registry.npmmirror.com/cookie-signature/-/cookie-signature-1.0.1.tgz#44e072148af01e6e8e24afbf12690d68ae698ecb"
  integrity sha512-FMG5ziBzXZ5d4j5obbWOH1X7AtIpsU9ce9mQ+lHo/I1++kzz/isNarOj6T1lBPRspP3mZpuIutc7OVDVcaN1Kg==

cookie@0.1.0:
  version "0.1.0"
  resolved "https://registry.npmmirror.com/cookie/-/cookie-0.1.0.tgz#90eb469ddce905c866de687efc43131d8801f9d0"
  integrity sha512-YSNOBX085/nzHvrTLEHYHoNdkvpLU1MPjU3r1IGawudZJjfuqnRNIFrcOJJ7bfwC+HWbHL1Y4yMkC0O+HWjV7w==

cookie@>=0.1.0:
  version "0.5.0"
  resolved "https://registry.npmmirror.com/cookie/-/cookie-0.5.0.tgz#d1f5d71adec6558c58f389987c366aa47e994f8b"
  integrity sha512-YZ3GUyn/o8gfKJlnlX7g7xq4gyO6OSuhGPKaaGssGB2qgDUS0gPgtTvoyZLTt9Ab6dC4hfc9dV5arkvc/OCmrw==

core-util-is@~1.0.0:
  version "1.0.3"
  resolved "https://registry.npmmirror.com/core-util-is/-/core-util-is-1.0.3.tgz#a6042d3634c2b27e9328f837b965fac83808db85"
  integrity sha512-ZQBvi1DcpJ4GDqanjucZ2Hj3wEO5pZDS89BWbkcrvdxksJorwUDDZamX9ldFkp9aw2lmBDLgkObEA4DWNJ9FYQ==

debug@*:
  version "4.3.4"
  resolved "https://registry.npmmirror.com/debug/-/debug-4.3.4.tgz#1319f6579357f2338d3337d2cdd4914bb5dcc865"
  integrity sha512-PRWFHuSU3eDtQJPvnNY7Jcket1j0t5OuOsFzPPzsekD52Zl8qUfFIPEiswXqIvHWGVHOgX+7G/vCNNhehwxfkQ==
  dependencies:
    ms "2.1.2"

debug@0.7.4:
  version "0.7.4"
  resolved "https://registry.npmmirror.com/debug/-/debug-0.7.4.tgz#06e1ea8082c2cb14e39806e22e2f6f757f92af39"
  integrity sha512-EohAb3+DSHSGx8carOSKJe8G0ayV5/i609OD0J2orCkuyae7SyZSz2aoLmQF2s0Pj5gITDebwPH7GFBlqOUQ1Q==

debug@1.0.2:
  version "1.0.2"
  resolved "https://registry.npmmirror.com/debug/-/debug-1.0.2.tgz#3849591c10cce648476c3c7c2e2e3416db5963c4"
  integrity sha512-T9bufXIzQvCa4VrTIpLvvwdLhH+wuBtvIJJA3xgzVcaVETGmTIWMfEXQEd1K4p8BaRmQJPn6MPut38H7YQ+iIA==
  dependencies:
    ms "0.6.2"

debug@1.0.3:
  version "1.0.3"
  resolved "https://registry.npmmirror.com/debug/-/debug-1.0.3.tgz#fc8c6b2d6002804b4081c0208e0f6460ba1fa3e4"
  integrity sha512-MltK7Ykj/udtD728gD/RrONStwVnDpBNIP1h+CBcnwnJdHqHxfWHI1E8XLootUl7NOPAYTCCXlb8/Qmy7WyB1w==
  dependencies:
    ms "0.6.2"

debug@1.0.4:
  version "1.0.4"
  resolved "https://registry.npmmirror.com/debug/-/debug-1.0.4.tgz#5b9c256bd54b6ec02283176fa8a0ede6d154cbf8"
  integrity sha512-plA8d2GHafT7kXzMDs5r7NSfYP7IKHdO8rZPVAqI33Eum7Vq/Ef/ETXm6NncF/RMif4fzI0RetSArZ6PMIxP0g==
  dependencies:
    ms "0.6.2"

debug@2.1.0:
  version "2.1.0"
  resolved "https://registry.npmmirror.com/debug/-/debug-2.1.0.tgz#33ab915659d8c2cc8a41443d94d6ebd37697ed21"
  integrity sha512-mXKNuRulIxh5zRPbJ0znN6gOJljoA1I/pQaZS9QYCwM4LdeInk5sEioHFeLayLJg8YL+FNrwPZbbltDR/HIdGA==
  dependencies:
    ms "0.6.2"

ejs@0.8.4:
  version "0.8.4"
  resolved "https://registry.npmmirror.com/ejs/-/ejs-0.8.4.tgz#52e61755e5e97fbc5aeeb07df49a4e062bff30d5"
  integrity sha512-PzwSAHhgylLJbz+5MrM5zkHbgxaJlbTyiduOKQUk6YPA5aPFEqXIEPk5/CajqJ52xeYiKkl7scCmZu+FZ5q21w==

engine.io-client@1.5.1:
  version "1.5.1"
  resolved "https://registry.npmmirror.com/engine.io-client/-/engine.io-client-1.5.1.tgz#ecd0026d90b065169b9885960183f3d56b8da18e"
  integrity sha512-MON1sTjXOXjT0ymG6zuVUwuCAWrTf2GxHa3rFavZF/uPir4ZJat+eNpkbUbHS+ZBZmLGcWPmWaAZMJRatIX8OQ==
  dependencies:
    component-emitter "1.1.2"
    component-inherit "0.0.3"
    debug "1.0.4"
    engine.io-parser "1.2.1"
    has-cors "1.0.3"
    indexof "0.0.1"
    parsejson "0.0.1"
    parseqs "0.0.2"
    parseuri "0.0.4"
    ws "0.4.31"
    xmlhttprequest "https://github.com/rase-/node-XMLHttpRequest/archive/a6b6f2.tar.gz"

engine.io-parser@1.2.1:
  version "1.2.1"
  resolved "https://registry.npmmirror.com/engine.io-parser/-/engine.io-parser-1.2.1.tgz#4462a67d0c70a907c06db2e1de53791a86f5ab37"
  integrity sha512-ldJAN2oTBdCit4rtCgBPehcaXwsysoszbkjBpuIAUDBJVsu+DZbr59AvUJlUwzFsjw+4+67hVb64dgvjSSlu0w==
  dependencies:
    after "0.8.1"
    arraybuffer.slice "0.0.6"
    base64-arraybuffer "0.1.2"
    blob "0.0.2"
    has-binary "0.1.5"
    utf8 "2.0.0"

engine.io@1.5.1:
  version "1.5.1"
  resolved "https://registry.npmmirror.com/engine.io/-/engine.io-1.5.1.tgz#8f7a4b2aadf974b71ffd185cffe1e2bdf384ddfb"
  integrity sha512-cTXNS499rzTTzhKTHBQiKYhAvIgnHSzAKgTt3x3qpfXD4K5AsFHh4gLYYuv2AyAcDiOCOHe/3EAifQcn57CcPw==
  dependencies:
    base64id "0.1.0"
    debug "1.0.3"
    engine.io-parser "1.2.1"
    ws "0.5.0"

expand-brackets@^0.1.4:
  version "0.1.5"
  resolved "https://registry.npmmirror.com/expand-brackets/-/expand-brackets-0.1.5.tgz#df07284e342a807cd733ac5af72411e581d1177b"
  integrity sha512-hxx03P2dJxss6ceIeri9cmYOT4SRs3Zk3afZwWpOsRqLqprhTR8u++SlC+sFGsQr7WGFPdMF7Gjc1njDLDK6UA==
  dependencies:
    is-posix-bracket "^0.1.0"

expand-range@^1.8.1:
  version "1.8.2"
  resolved "https://registry.npmmirror.com/expand-range/-/expand-range-1.8.2.tgz#a299effd335fe2721ebae8e257ec79644fc85337"
  integrity sha512-AFASGfIlnIbkKPQwX1yHaDjFvh/1gyKJODme52V6IORh69uEYgZp0o9C+qsIGNVEiuuhQU0CSSl++Rlegg1qvA==
  dependencies:
    fill-range "^2.1.0"

extglob@^0.3.1:
  version "0.3.2"
  resolved "https://registry.npmmirror.com/extglob/-/extglob-0.3.2.tgz#2e18ff3d2f49ab2765cec9023f011daa8d8349a1"
  integrity sha512-1FOj1LOwn42TMrruOHGt18HemVnbwAmAak7krWk+wa93KXxGbK+2jpezm+ytJYDaBX0/SPLZFHKM7m+tKobWGg==
  dependencies:
    is-extglob "^1.0.0"

filename-regex@^2.0.0:
  version "2.0.1"
  resolved "https://registry.npmmirror.com/filename-regex/-/filename-regex-2.0.1.tgz#c1c4b9bee3e09725ddb106b75c1e301fe2f18b26"
  integrity sha512-BTCqyBaWBTsauvnHiE8i562+EdJj+oUpkqWp2R1iCoR8f6oo8STRu3of7WJJ0TqWtxN50a5YFpzYK4Jj9esYfQ==

fill-range@^2.1.0:
  version "2.2.4"
  resolved "https://registry.npmmirror.com/fill-range/-/fill-range-2.2.4.tgz#eb1e773abb056dcd8df2bfdf6af59b8b3a936565"
  integrity sha512-cnrcCbj01+j2gTG921VZPnHbjmdAf8oQV/iGeV2kZxGSyfYjjTyY79ErsK1WJWMpw6DaApEX72binqJE+/d+5Q==
  dependencies:
    is-number "^2.1.0"
    isobject "^2.0.0"
    randomatic "^3.0.0"
    repeat-element "^1.1.2"
    repeat-string "^1.5.2"

for-in@^1.0.1:
  version "1.0.2"
  resolved "https://registry.npmmirror.com/for-in/-/for-in-1.0.2.tgz#81068d295a8142ec0ac726c6e2200c30fb6d5e80"
  integrity sha512-7EwmXrOjyL+ChxMhmG5lnW9MPt1aIeZEwKhQzoBUdTV0N3zuwWDZYVJatDvZ2OyzPUvdIAZDsCetk3coyMfcnQ==

for-own@^0.1.4:
  version "0.1.5"
  resolved "https://registry.npmmirror.com/for-own/-/for-own-0.1.5.tgz#5265c681a4f294dabbf17c9509b6763aa84510ce"
  integrity sha512-SKmowqGTJoPzLO1T0BBJpkfp3EMacCMOuH40hOUbrbzElVktk4DioXVM99QkLCyKoiuOmyjgcWMpVz2xjE7LZw==
  dependencies:
    for-in "^1.0.1"

fresh@0.2.0:
  version "0.2.0"
  resolved "https://registry.npmmirror.com/fresh/-/fresh-0.2.0.tgz#bfd9402cf3df12c4a4c310c79f99a3dde13d34a7"
  integrity sha512-ckGdAuSRr1wBmnq7CsW7eU37DBwQxHx3vW8foJUIrF56rkOy8Osm6Fe8KSwemwyKejivKki7jVBgpBpBJexmrw==

fsevents@^0.3.1:
  version "0.3.8"
  resolved "https://registry.npmmirror.com/fsevents/-/fsevents-0.3.8.tgz#9992f1032c925c829554d0d59801dca0313a5356"
  integrity sha512-3vlmn1QaPoqSnhnorLFlp3+r3dUCZ8eZlaew+H8QhqB+0YBc9HSITh9wiZo76KYYExTC9DwG6otE/OzwbBLVIw==
  dependencies:
    nan "^2.0.2"

glob-base@^0.3.0:
  version "0.3.0"
  resolved "https://registry.npmmirror.com/glob-base/-/glob-base-0.3.0.tgz#dbb164f6221b1c0b1ccf82aea328b497df0ea3c4"
  integrity sha512-ab1S1g1EbO7YzauaJLkgLp7DZVAqj9M/dvKlTt8DkXA2tiOIcSMrlVI2J1RZyB5iJVccEscjGn+kpOG9788MHA==
  dependencies:
    glob-parent "^2.0.0"
    is-glob "^2.0.0"

glob-parent@^1.0.0:
  version "1.3.0"
  resolved "https://registry.npmmirror.com/glob-parent/-/glob-parent-1.3.0.tgz#971edd816ed5db58705b58079647a64d0aef7968"
  integrity sha512-hTmuuCjsIMiB85432X8VgmlgWVn99Np49NOWsRyfPkvsFBmsHOoCkOoFGNrMgauLMDD06Mzw+uVTw+oWNCAzgQ==
  dependencies:
    is-glob "^2.0.0"

glob-parent@^2.0.0:
  version "2.0.0"
  resolved "https://registry.npmmirror.com/glob-parent/-/glob-parent-2.0.0.tgz#81383d72db054fcccf5336daa902f182f6edbb28"
  integrity sha512-JDYOvfxio/t42HKdxkAYaCiBN7oYiuxykOxKxdaUW5Qn0zaYN3gRQWolrwdnf0shM9/EP0ebuuTmyoXNr1cC5w==
  dependencies:
    is-glob "^2.0.0"

"global@https://github.com/component/global/archive/v2.0.1.tar.gz":
  version "2.0.1"
  resolved "https://github.com/component/global/archive/v2.0.1.tar.gz#3fb25343fb66d79991b0f4a429ce3b54480eec3c"

graceful-fs@~4.1.2:
  version "4.1.15"
  resolved "https://registry.npmmirror.com/graceful-fs/-/graceful-fs-4.1.15.tgz#ffb703e1066e8a0eeaa4c8b80ba9253eeefbfb00"
  integrity sha512-6uHUhOPEBgQ24HM+r6b/QwWfZq+yiFcipKFrOFiBEnWdy5sdzYoi+pJeQaPI5qOLRFqWmAXUPQNsielzdLoecA==

has-binary-data@0.1.3:
  version "0.1.3"
  resolved "https://registry.npmmirror.com/has-binary-data/-/has-binary-data-0.1.3.tgz#8ebb18388b57f19a5231275a16fc18d51f379aae"
  integrity sha512-v9nautvyKZBpnUCALBHSXocsGwIErU+CipSKAAuibJbNl2jueR/qqtERnUGaKesG/ba0H47dqYKyRyGddKeBIg==
  dependencies:
    isarray "0.0.1"

has-binary@0.1.5:
  version "0.1.5"
  resolved "https://registry.npmmirror.com/has-binary/-/has-binary-0.1.5.tgz#95e75720ff31b72a3ba89a5b6dce082e4bc6467f"
  integrity sha512-dXbaZ+8xxT65ntQW/GoabKnknw2g4YEu6jaFEK3yGZud0fBm8lz9XJOilkiPT7ky37l5NQ9vI6sFEyDX+cYBQw==
  dependencies:
    isarray "0.0.1"

has-binary@0.1.6:
  version "0.1.6"
  resolved "https://registry.npmmirror.com/has-binary/-/has-binary-0.1.6.tgz#25326f39cfa4f616ad8787894e3af2cfbc7b6e10"
  integrity sha512-aBByfHrIiIt6PQ+jFXsLIFVNpHVyXDcCZ77VZ4kvxv6TvTwipSTDNvKnPN5xOi/cQTcxhLa4lBV2b49pZGQgXw==
  dependencies:
    isarray "0.0.1"

has-cors@1.0.3:
  version "1.0.3"
  resolved "https://registry.npmmirror.com/has-cors/-/has-cors-1.0.3.tgz#502acb9b3104dac33dd2630eaf2f888b0baf4cb3"
  integrity sha512-Mxk1ba23PNtB3zPigreijApS3uuH9bhgZkqQtLQj7ydWHsGeb9uOtk4gsK6mZj4rYG6VNS/CT9G1XkYfgItpKg==
  dependencies:
    global "https://github.com/component/global/archive/v2.0.1.tar.gz"

indexof@0.0.1:
  version "0.0.1"
  resolved "https://registry.npmmirror.com/indexof/-/indexof-0.0.1.tgz#82dc336d232b9062179d05ab3293a66059fd435d"
  integrity sha512-i0G7hLJ1z0DE8dsqJa2rycj9dBmNKgXBvotXtZYXakU9oivfB9Uj2ZBC27qqef2U58/ZLwalxa1X/RDCdkHtVg==

inherits@~2.0.1:
  version "2.0.4"
  resolved "https://registry.npmmirror.com/inherits/-/inherits-2.0.4.tgz#0fa2c64f932917c3433a0ded55363aae37416b7c"
  integrity sha512-k/vGaX4/Yla3WzyMCvTQOXYeIHvqOKtnqBduzTHpzpQZzAskKMhZ2K+EnBiSM9zGSoIFeMpXKxa4dYeZIQqewQ==

ipv4@0.0.4:
  version "0.0.4"
  resolved "https://registry.npmmirror.com/ipv4/-/ipv4-0.0.4.tgz#7b614de61b42743fd8f30e4ce0c0fb04253c40bb"
  integrity sha512-BcAO/dA6qBm339NnGc7ZMfUiP8Nn5T7PuCJDcQ2YWdiYE1iuKnGqMTXBq0DpW8KKHVn4Ix7UcZLn6wGeOp0VlQ==

is-binary-path@^1.0.0:
  version "1.0.1"
  resolved "https://registry.npmmirror.com/is-binary-path/-/is-binary-path-1.0.1.tgz#75f16642b480f187a711c814161fd3a4a7655898"
  integrity sha512-9fRVlXc0uCxEDj1nQzaWONSpbTfx0FmJfzHF7pwlI8DkWGoHBBea4Pg5Ky0ojwwxQmnSifgbKkI06Qv0Ljgj+Q==
  dependencies:
    binary-extensions "^1.0.0"

is-buffer@^1.1.5:
  version "1.1.6"
  resolved "https://registry.npmmirror.com/is-buffer/-/is-buffer-1.1.6.tgz#efaa2ea9daa0d7ab2ea13a97b2b8ad51fefbe8be"
  integrity sha512-NcdALwpXkTm5Zvvbk7owOUSvVvBKDgKP5/ewfXEznmQFfs4ZRmanOeKBTjRVjka3QFoN6XJ+9F3USqfHqTaU5w==

is-dotfile@^1.0.0:
  version "1.0.3"
  resolved "https://registry.npmmirror.com/is-dotfile/-/is-dotfile-1.0.3.tgz#a6a2f32ffd2dfb04f5ca25ecd0f6b83cf798a1e1"
  integrity sha512-9YclgOGtN/f8zx0Pr4FQYMdibBiTaH3sn52vjYip4ZSf6C4/6RfTEZ+MR4GvKhCxdPh21Bg42/WL55f6KSnKpg==

is-equal-shallow@^0.1.3:
  version "0.1.3"
  resolved "https://registry.npmmirror.com/is-equal-shallow/-/is-equal-shallow-0.1.3.tgz#2238098fc221de0bcfa5d9eac4c45d638aa1c534"
  integrity sha512-0EygVC5qPvIyb+gSz7zdD5/AAoS6Qrx1e//6N4yv4oNm30kqvdmG66oZFWVlQHUWe5OjP08FuTw2IdT0EOTcYA==
  dependencies:
    is-primitive "^2.0.0"

is-extendable@^0.1.1:
  version "0.1.1"
  resolved "https://registry.npmmirror.com/is-extendable/-/is-extendable-0.1.1.tgz#62b110e289a471418e3ec36a617d472e301dfc89"
  integrity sha512-5BMULNob1vgFX6EjQw5izWDxrecWK9AM72rugNr0TFldMOi0fj6Jk+zeKIt0xGj4cEfQIJth4w3OKWOJ4f+AFw==

is-extglob@^1.0.0:
  version "1.0.0"
  resolved "https://registry.npmmirror.com/is-extglob/-/is-extglob-1.0.0.tgz#ac468177c4943405a092fc8f29760c6ffc6206c0"
  integrity sha512-7Q+VbVafe6x2T+Tu6NcOf6sRklazEPmBoB3IWk3WdGZM2iGUwU/Oe3Wtq5lSEkDTTlpp8yx+5t4pzO/i9Ty1ww==

is-glob@^2.0.0, is-glob@^2.0.1:
  version "2.0.1"
  resolved "https://registry.npmmirror.com/is-glob/-/is-glob-2.0.1.tgz#d096f926a3ded5600f3fdfd91198cb0888c2d863"
  integrity sha512-a1dBeB19NXsf/E0+FHqkagizel/LQw2DjSQpvQrj3zT+jYPpaUCryPnrQajXKFLCMuf4I6FhRpaGtw4lPrG6Eg==
  dependencies:
    is-extglob "^1.0.0"

is-number@^2.1.0:
  version "2.1.0"
  resolved "https://registry.npmmirror.com/is-number/-/is-number-2.1.0.tgz#01fcbbb393463a548f2f466cce16dece49db908f"
  integrity sha512-QUzH43Gfb9+5yckcrSA0VBDwEtDUchrk4F6tfJZQuNzDJbEDB9cZNzSfXGQ1jqmdDY/kl41lUOWM9syA8z8jlg==
  dependencies:
    kind-of "^3.0.2"

is-number@^4.0.0:
  version "4.0.0"
  resolved "https://registry.npmmirror.com/is-number/-/is-number-4.0.0.tgz#0026e37f5454d73e356dfe6564699867c6a7f0ff"
  integrity sha512-rSklcAIlf1OmFdyAqbnWTLVelsQ58uvZ66S/ZyawjWqIviTWCjg2PzVGw8WUA+nNuPTqb4wgA+NszrJ+08LlgQ==

is-posix-bracket@^0.1.0:
  version "0.1.1"
  resolved "https://registry.npmmirror.com/is-posix-bracket/-/is-posix-bracket-0.1.1.tgz#3334dc79774368e92f016e6fbc0a88f5cd6e6bc4"
  integrity sha512-Yu68oeXJ7LeWNmZ3Zov/xg/oDBnBK2RNxwYY1ilNJX+tKKZqgPK+qOn/Gs9jEu66KDY9Netf5XLKNGzas/vPfQ==

is-primitive@^2.0.0:
  version "2.0.0"
  resolved "https://registry.npmmirror.com/is-primitive/-/is-primitive-2.0.0.tgz#207bab91638499c07b2adf240a41a87210034575"
  integrity sha512-N3w1tFaRfk3UrPfqeRyD+GYDASU3W5VinKhlORy8EWVf/sIdDL9GAcew85XmktCfH+ngG7SRXEVDoO18WMdB/Q==

isarray@0.0.1:
  version "0.0.1"
  resolved "https://registry.npmmirror.com/isarray/-/isarray-0.0.1.tgz#8a18acfca9a8f4177e09abfc6038939b05d1eedf"
  integrity sha512-D2S+3GLxWH+uhrNEcoh/fnmYeP8E8/zHl644d/jdA0g2uyXvy3sb0qxotE+ne0LtccHknQzWwZEzhak7oJ0COQ==

isarray@1.0.0:
  version "1.0.0"
  resolved "https://registry.npmmirror.com/isarray/-/isarray-1.0.0.tgz#bb935d48582cba168c06834957a54a3e07124f11"
  integrity sha512-VLghIWNM6ELQzo7zwmcg0NmTVyWKYjvIeM83yjp0wRDTmUnrM678fQbcKBo6n2CJEF0szoG//ytg+TKla89ALQ==

isobject@^2.0.0:
  version "2.1.0"
  resolved "https://registry.npmmirror.com/isobject/-/isobject-2.1.0.tgz#f065561096a3f1da2ef46272f815c840d87e0c89"
  integrity sha512-+OUdGJlgjOBZDfxnDjYYG6zp487z0JGNQq3cYQYg5f5hKR+syHMsaztzGeml/4kGG55CSpKSpWTY+jYGgsHLgA==
  dependencies:
    isarray "1.0.0"

json3@3.2.6:
  version "3.2.6"
  resolved "https://registry.npmmirror.com/json3/-/json3-3.2.6.tgz#f6efc93c06a04de9aec53053df2559bb19e2038b"
  integrity sha512-KA+GHhYTLTo7Ri4DyjwUgW8kn98AYtVZtBC94qL5yD0ZSYct8/eF8qBmTNyk+gPE578bKeIL4WBq+MUyd1I26g==

kind-of@^3.0.2:
  version "3.2.2"
  resolved "https://registry.npmmirror.com/kind-of/-/kind-of-3.2.2.tgz#31ea21a734bab9bbb0f32466d893aea51e4a3c64"
  integrity sha512-NOW9QQXMoZGg/oqnVNoNTTIFEIid1627WCffUBJEdMxYApq7mNE7CpzucIPc+ZQg25Phej7IJSmX3hO+oblOtQ==
  dependencies:
    is-buffer "^1.1.5"

kind-of@^6.0.0:
  version "6.0.3"
  resolved "https://registry.npmmirror.com/kind-of/-/kind-of-6.0.3.tgz#07c05034a6c349fa06e24fa35aa76db4580ce4dd"
  integrity sha512-dcS1ul+9tmeD95T+x28/ehLgd9mENa3LsvDTtzm3vyBEO7RPptvAD+t44WVXaUjTBRcrpFeFlC8WCruUR456hw==

lru-cache@2:
  version "2.7.3"
  resolved "https://registry.npmmirror.com/lru-cache/-/lru-cache-2.7.3.tgz#6d4524e8b955f95d4f5b58851ce21dd72fb4e952"
  integrity sha512-WpibWJ60c3AgAz8a2iYErDrcT2C7OmKnsWhIcHOjkUHFjkXncJhtLxNSqUmxRxRunpb5I8Vprd7aNSd2NtksJQ==

math-random@^1.0.1:
  version "1.0.4"
  resolved "https://registry.npmmirror.com/math-random/-/math-random-1.0.4.tgz#5dd6943c938548267016d4e34f057583080c514c"
  integrity sha512-rUxjysqif/BZQH2yhd5Aaq7vXMSx9NdEsQcyA07uEzIvxgI7zIr33gGsh+RU0/XjmQpCW7RsVof1vlkvQVCK5A==

methods@0.0.1:
  version "0.0.1"
  resolved "https://registry.npmmirror.com/methods/-/methods-0.0.1.tgz#277c90f8bef39709645a8371c51c3b6c648e068c"
  integrity sha512-pB8oFfci/xcfUgM6DTxc7lbTKifPPgs3mZUOsEgaH+1TTWpmcmv3sHl+5sUHIj2X2W8aPYa2+nJealRHK+Lo6A==

micromatch@^2.1.5:
  version "2.3.11"
  resolved "https://registry.npmmirror.com/micromatch/-/micromatch-2.3.11.tgz#86677c97d1720b363431d04d0d15293bd38c1565"
  integrity sha512-LnU2XFEk9xxSJ6rfgAry/ty5qwUTyHYOBU0g4R6tIw5ljwgGIBmiKhRWLw5NpMOnrgUNcDJ4WMp8rl3sYVHLNA==
  dependencies:
    arr-diff "^2.0.0"
    array-unique "^0.2.1"
    braces "^1.8.2"
    expand-brackets "^0.1.4"
    extglob "^0.3.1"
    filename-regex "^2.0.0"
    is-extglob "^1.0.0"
    is-glob "^2.0.1"
    kind-of "^3.0.2"
    normalize-path "^2.0.1"
    object.omit "^2.0.0"
    parse-glob "^3.0.4"
    regex-cache "^0.4.2"

mime@~1.2.9:
  version "1.2.11"
  resolved "https://registry.npmmirror.com/mime/-/mime-1.2.11.tgz#58203eed86e3a5ef17aed2b7d9ebd47f0a60dd10"
  integrity sha512-Ysa2F/nqTNGHhhm9MV8ure4+Hc+Y8AWiqUdHxsO7xu8zc92ND9f3kpALHjaP026Ft17UfxrMt95c50PLUeynBw==

minimatch@~0.2.12:
  version "0.2.14"
  resolved "https://registry.npmmirror.com/minimatch/-/minimatch-0.2.14.tgz#c74e780574f63c6f9a090e90efbe6ef53a6a756a"
  integrity sha512-zZ+Jy8lVWlvqqeM8iZB7w7KmQkoJn8djM585z88rywrEbzoqawVa9FR5p2hwD+y74nfuKOjmNvi9gtWJNLqHvA==
  dependencies:
    lru-cache "2"
    sigmund "~1.0.0"

ms@0.6.2:
  version "0.6.2"
  resolved "https://registry.npmmirror.com/ms/-/ms-0.6.2.tgz#d89c2124c6fdc1353d65a8b77bf1aac4b193708c"
  integrity sha512-/pc3eh7TWorTtbvXg8je4GvrvEqCfH7PA3P7iW01yL2E53FKixzgMBaQi0NOPbMJqY34cBSvR0tZtmlTkdUG4A==

ms@2.1.2:
  version "2.1.2"
  resolved "https://registry.npmmirror.com/ms/-/ms-2.1.2.tgz#d09d1f357b443f493382a8eb3ccd183872ae6009"
  integrity sha512-sGkPx+VjMtmA6MX27oA4FBFELFCZZ4S4XqeGOXCv68tT+jb3vk/RyaKWP0PTKyWtmLSM0b+adUTEvbs1PEaH2w==

multiparty@2.2.0:
  version "2.2.0"
  resolved "https://registry.npmmirror.com/multiparty/-/multiparty-2.2.0.tgz#a567c2af000ad22dc8f2a653d91978ae1f5316f4"
  integrity sha512-fiFMI4tSze1TsrWFZNABRwy7kF/VycEWz4t0UFESOoP5IdJh29AUFmbirWXv/Ih/rNw62OO2YaQpQEiw1BFQpQ==
  dependencies:
    readable-stream "~1.1.9"
    stream-counter "~0.2.0"

mute-stream@~0.0.4:
  version "0.0.8"
  resolved "https://registry.npmmirror.com/mute-stream/-/mute-stream-0.0.8.tgz#1630c42b2251ff81e2a283de96a5497ea92e5e0d"
  integrity sha512-nnbWWOkoWyUsTjKrhgD0dcz22mdkSnpYqbEjIm2nhwhuxlSkpywJmBo8h0ZqJdkp73mb90SssHkN4rsRaBAfAA==

nan@1.4.x:
  version "1.4.3"
  resolved "https://registry.npmmirror.com/nan/-/nan-1.4.3.tgz#c56b5404698063696f597435f9163c312aea5009"
  integrity sha512-sZJUTDM4+nDMorRUb2WS0nv5ihun+xqlHhKgKCKi0s4nI/tj5NVHlEm13hEySdZ15iAORPaJ50Gv6yi93bPPIw==

nan@^2.0.2:
  version "2.16.0"
  resolved "https://registry.npmmirror.com/nan/-/nan-2.16.0.tgz#664f43e45460fb98faf00edca0bb0d7b8dce7916"
  integrity sha512-UdAqHyFngu7TfQKsCBgAA6pWDkT8MAO7d0jyOecVhN5354xbLqdn8mV9Tat9gepAupm0bt2DbeaSC8vS52MuFA==

nan@~0.3.0:
  version "0.3.2"
  resolved "https://registry.npmmirror.com/nan/-/nan-0.3.2.tgz#0df1935cab15369075ef160ad2894107aa14dc2d"
  integrity sha512-V9/Pyy5Oelv6vVJP9X+dAzU3IO19j6YXrJnODHxP2h54hTvfFQGahdsQV6Ule/UukiEJk1SkQ/aUyWUm61RBQw==

negotiator@0.3.0:
  version "0.3.0"
  resolved "https://registry.npmmirror.com/negotiator/-/negotiator-0.3.0.tgz#706d692efeddf574d57ea9fb1ab89a4fa7ee8f60"
  integrity sha512-q9wF64uB31BDZQ44DWf+8gE7y8xSpBdREAsJfnBO2WX9ecsutfUO6S9uWEdixlDLOlWaqnlnFXXwZxUUmyLfgg==

nodeppt@1.1.0:
  version "1.1.0"
  resolved "https://registry.npmmirror.com/nodeppt/-/nodeppt-1.1.0.tgz#600453db93c213de6bc4901ae209d0f4be25d270"
  integrity sha512-pSMx3//YL10bWH58LP0sfV0SYUHyEN841Zfrw92wv1JQtfLyrFIgpriZ1U0TtV8rmVaoqRRz0Jaq8NGwMNs3iQ==
  dependencies:
    chokidar "1.0.0-rc3"
    colors ">=0.6.0-1"
    commander "^2.2.0"
    connect "2.11.0"
    cookie ">=0.1.0"
    ejs "0.8.4"
    ipv4 "0.0.4"
    read ">=1.0.4"
    socket.io "1.3.3"

normalize-path@^2.0.0, normalize-path@^2.0.1:
  version "2.1.1"
  resolved "https://registry.npmmirror.com/normalize-path/-/normalize-path-2.1.1.tgz#1ab28b556e198363a8c1a6f7e6fa20137fe6aed9"
  integrity sha512-3pKJwH184Xo/lnH6oyP1q2pMd7HcypqqmRs91/6/i2CGtWwIKGCkOOMTm/zXbgTEWHw1uNpNi/igc3ePOYHb6w==
  dependencies:
    remove-trailing-separator "^1.0.1"

object-component@0.0.3:
  version "0.0.3"
  resolved "https://registry.npmmirror.com/object-component/-/object-component-0.0.3.tgz#f0c69aa50efc95b866c186f400a33769cb2f1291"
  integrity sha512-S0sN3agnVh2SZNEIGc0N1X4Z5K0JeFbGBrnuZpsxuUh5XLF0BnvWkMjRXo/zGKLd/eghvNIKcx1pQkmUjXIyrA==

object-keys@1.0.1:
  version "1.0.1"
  resolved "https://registry.npmmirror.com/object-keys/-/object-keys-1.0.1.tgz#55802e85842c26bbb5ebbc157abf3be302569ba8"
  integrity sha512-DsJ69TA3wPICBmxYj6rij6uGKvKb9s2mtebzhuN/eI1GabJ3xC7fZ7PWjW0GS06hSclD0GxKGGAHQo5P7R2ZTg==

object.omit@^2.0.0:
  version "2.0.1"
  resolved "https://registry.npmmirror.com/object.omit/-/object.omit-2.0.1.tgz#1a9c744829f39dbb858c76ca3579ae2a54ebd1fa"
  integrity sha512-UiAM5mhmIuKLsOvrL+B0U2d1hXHF3bFYWIuH1LMpuV2EJEHG1Ntz06PgLEHjm6VFd87NpH8rastvPoyv6UW2fA==
  dependencies:
    for-own "^0.1.4"
    is-extendable "^0.1.1"

options@>=0.0.5:
  version "0.0.6"
  resolved "https://registry.npmmirror.com/options/-/options-0.0.6.tgz#ec22d312806bb53e731773e7cdaefcf1c643128f"
  integrity sha512-bOj3L1ypm++N+n7CEbbe473A414AB7z+amKYshRb//iuL3MpdDCLhPnw6aVTdKB9g5ZRVHIEp8eUln6L2NUStg==

parse-glob@^3.0.4:
  version "3.0.4"
  resolved "https://registry.npmmirror.com/parse-glob/-/parse-glob-3.0.4.tgz#b2c376cfb11f35513badd173ef0bb6e3a388391c"
  integrity sha512-FC5TeK0AwXzq3tUBFtH74naWkPQCEWs4K+xMxWZBlKDWu0bVHXGZa+KKqxKidd7xwhdZ19ZNuF2uO1M/r196HA==
  dependencies:
    glob-base "^0.3.0"
    is-dotfile "^1.0.0"
    is-extglob "^1.0.0"
    is-glob "^2.0.0"

parsejson@0.0.1:
  version "0.0.1"
  resolved "https://registry.npmmirror.com/parsejson/-/parsejson-0.0.1.tgz#9b10c6c0d825ab589e685153826de0a3ba278bcc"
  integrity sha512-W9CRvTfYQY/kbRc5Q6YTWarb/QDxdEGbd6RCP8CLUQDJV89RVHoS2A0dZYNtAcq31fulGNN4ZhAhiQQazwlKJg==
  dependencies:
    better-assert "~1.0.0"

parseqs@0.0.2:
  version "0.0.2"
  resolved "https://registry.npmmirror.com/parseqs/-/parseqs-0.0.2.tgz#9dfe70b2cddac388bde4f35b1f240fa58adbe6c7"
  integrity sha512-vyyyfQGUFZnDhgrrdn+hh1JuOfvbXU5oRr6dijfkSIbaFuxGgTSCA/RNVcsADmo0k2NX6wERVTMKkXokjuObJA==
  dependencies:
    better-assert "~1.0.0"

parseuri@0.0.2:
  version "0.0.2"
  resolved "https://registry.npmmirror.com/parseuri/-/parseuri-0.0.2.tgz#db41878f2d6964718be870b3140973d8093be156"
  integrity sha512-m0H+R0u5LXOx8sbxufnvgKrRLpkVpvtMf0AyWXYSqLwo2MWrVEgCIbgpaSVa398xl6wTLe0A7CGhiC4hBdEzHQ==
  dependencies:
    better-assert "~1.0.0"

parseuri@0.0.4:
  version "0.0.4"
  resolved "https://registry.npmmirror.com/parseuri/-/parseuri-0.0.4.tgz#806582a39887e1ea18dd5e2fe0e01902268e9350"
  integrity sha512-9pW0ZCCDtEIzW7beHfLg2N13pgctOVRq1Z+1PKdpsF4wD9GhYUMAAxBhmPRPVVy1fg2z+eH/8uw8dgA0j9DNzw==
  dependencies:
    better-assert "~1.0.0"

pause@0.0.1:
  version "0.0.1"
  resolved "https://registry.npmmirror.com/pause/-/pause-0.0.1.tgz#1d408b3fdb76923b9543d96fb4c9dfd535d9cb5d"
  integrity sha512-KG8UEiEVkR3wGEb4m5yZkVCzigAD+cVEJck2CzYZO37ZGJfctvVptVO192MwrtPhzONn6go8ylnOdMhKqi4nfg==

preserve@^0.2.0:
  version "0.2.0"
  resolved "https://registry.npmmirror.com/preserve/-/preserve-0.2.0.tgz#815ed1f6ebc65926f865b310c0713bcb3315ce4b"
  integrity sha512-s/46sYeylUfHNjI+sA/78FAHlmIuKqI9wNnzEOGehAlUUYeObv5C2mOinXBjyUyWmJ2SfcS2/ydApH4hTF4WXQ==

qs@0.6.5:
  version "0.6.5"
  resolved "https://registry.npmmirror.com/qs/-/qs-0.6.5.tgz#294b268e4b0d4250f6dde19b3b8b34935dff14ef"
  integrity sha512-n7wA/f30O3SsOw2BVkGUDzjWMw7kXvQJWKtDdgfq5HJvDoad+Jbc6osN1AQ0Iain5plo9e7Cs5fE+xR+DVkPTw==

randomatic@^3.0.0:
  version "3.1.1"
  resolved "https://registry.npmmirror.com/randomatic/-/randomatic-3.1.1.tgz#b776efc59375984e36c537b2f51a1f0aff0da1ed"
  integrity sha512-TuDE5KxZ0J461RVjrJZCJc+J+zCkTb1MbH9AQUq68sMhOMcy9jLcb3BrZKgp9q9Ncltdg4QVqWrH02W2EFFVYw==
  dependencies:
    is-number "^4.0.0"
    kind-of "^6.0.0"
    math-random "^1.0.1"

range-parser@0.0.4:
  version "0.0.4"
  resolved "https://registry.npmmirror.com/range-parser/-/range-parser-0.0.4.tgz#c0427ffef51c10acba0782a46c9602e744ff620b"
  integrity sha512-okJVEq9DbZyg+5lD8pr6ooQmeA0uu8DYIyAU7VK1WUUK7hctI1yw2ZHhKiKjB6RXaDrYRmTR4SsIHkyiQpaLMA==

raw-body@0.0.3:
  version "0.0.3"
  resolved "https://registry.npmmirror.com/raw-body/-/raw-body-0.0.3.tgz#0cb3eb22ced1ca607d32dd8fd94a6eb383f3eb8a"
  integrity sha512-WjGZWnZVDVr4VX27TAaX7wTnHht4lqz2nX0xRjQFUVxooxYXPY2F7DV6bvlVJ+HSnn9BAhk5qteKL8Y/XnWKqw==

read@>=1.0.4:
  version "1.0.7"
  resolved "https://registry.npmmirror.com/read/-/read-1.0.7.tgz#b3da19bd052431a97671d44a42634adf710b40c4"
  integrity sha512-rSOKNYUmaxy0om1BNjMN4ezNT6VKK+2xF4GBhc81mkH7L60i6dp8qPYrkndNLT3QPphoII3maL9PVC9XmhHwVQ==
  dependencies:
    mute-stream "~0.0.4"

readable-stream@~1.0.26-2:
  version "1.0.34"
  resolved "https://registry.npmmirror.com/readable-stream/-/readable-stream-1.0.34.tgz#125820e34bc842d2f2aaafafe4c2916ee32c157c"
  integrity sha512-ok1qVCJuRkNmvebYikljxJA/UEsKwLl2nI1OmaqAu4/UE+h0wKCHok4XkL/gvi39OacXvw59RJUOFUkDib2rHg==
  dependencies:
    core-util-is "~1.0.0"
    inherits "~2.0.1"
    isarray "0.0.1"
    string_decoder "~0.10.x"

readable-stream@~1.1.8, readable-stream@~1.1.9:
  version "1.1.14"
  resolved "https://registry.npmmirror.com/readable-stream/-/readable-stream-1.1.14.tgz#7cf4c54ef648e3813084c636dd2079e166c081d9"
  integrity sha512-+MeVjFf4L44XUkhM1eYbD8fyEsxcV81pqMSR5gblfcLCHfZvbrqy4/qYHE+/R5HoBUT11WV5O08Cr1n3YXkWVQ==
  dependencies:
    core-util-is "~1.0.0"
    inherits "~2.0.1"
    isarray "0.0.1"
    string_decoder "~0.10.x"

readdirp@^1.3.0:
  version "1.4.0"
  resolved "https://registry.npmmirror.com/readdirp/-/readdirp-1.4.0.tgz#c5de6fcb3dec80523c1c70113f1a190d8af82c89"
  integrity sha512-QOYlYH11MJ1RrkxHOBZDSvXOgRy/gKj6xQIvShAEf2KAaHn03BetRpakZdC6GWUEOpsGf1XXalXeIXgEblZbLw==
  dependencies:
    graceful-fs "~4.1.2"
    minimatch "~0.2.12"
    readable-stream "~1.0.26-2"

regex-cache@^0.4.2:
  version "0.4.4"
  resolved "https://registry.npmmirror.com/regex-cache/-/regex-cache-0.4.4.tgz#75bdc58a2a1496cec48a12835bc54c8d562336dd"
  integrity sha512-nVIZwtCjkC9YgvWkpM55B5rBhBYRZhAaJbgcFYXXsHnbZ9UZI9nnVWYZpBlCqv9ho2eZryPnWrZGsOdPwVWXWQ==
  dependencies:
    is-equal-shallow "^0.1.3"

remove-trailing-separator@^1.0.1:
  version "1.1.0"
  resolved "https://registry.npmmirror.com/remove-trailing-separator/-/remove-trailing-separator-1.1.0.tgz#c24bce2a283adad5bc3f58e0d48249b92379d8ef"
  integrity sha512-/hS+Y0u3aOfIETiaiirUFwDBDzmXPvO+jAfKTitUngIPzdKc6Z0LoFjM/CK5PL4C+eKwHohlHAb6H0VFfmmUsw==

repeat-element@^1.1.2:
  version "1.1.4"
  resolved "https://registry.npmmirror.com/repeat-element/-/repeat-element-1.1.4.tgz#be681520847ab58c7568ac75fbfad28ed42d39e9"
  integrity sha512-LFiNfRcSu7KK3evMyYOuCzv3L10TW7yC1G2/+StMjK8Y6Vqd2MG7r/Qjw4ghtuCOjFvlnms/iMmLqpvW/ES/WQ==

repeat-string@^1.5.2:
  version "1.6.1"
  resolved "https://registry.npmmirror.com/repeat-string/-/repeat-string-1.6.1.tgz#8dcae470e1c88abc2d600fff4a776286da75e637"
  integrity sha512-PV0dzCYDNfRi1jCDbJzpW7jNNDRuCOG/jI5ctQcGKt/clZD+YcPS3yIlWuTJMmESC8aevCFmWJy5wjAFgNqN6w==

send@0.1.4:
  version "0.1.4"
  resolved "https://registry.npmmirror.com/send/-/send-0.1.4.tgz#be70d8d1be01de61821af13780b50345a4f71abd"
  integrity sha512-NJnIaB29/EcNqkNneUAm16oEVnzM2LeNBc/hmgKuExv2k9pCZQEw8SHJeCdjqesHJTyWAr7x5HjeOmRFS4BoFw==
  dependencies:
    debug "*"
    fresh "0.2.0"
    mime "~1.2.9"
    range-parser "0.0.4"

sigmund@~1.0.0:
  version "1.0.1"
  resolved "https://registry.npmmirror.com/sigmund/-/sigmund-1.0.1.tgz#3ff21f198cad2175f9f3b781853fd94d0d19b590"
  integrity sha512-fCvEXfh6NWpm+YSuY2bpXb/VIihqWA6hLsgboC+0nl71Q7N7o2eaCW8mJa/NLvQhs6jpd3VZV4UiUQlV6+lc8g==

socket.io-adapter@0.3.1:
  version "0.3.1"
  resolved "https://registry.npmmirror.com/socket.io-adapter/-/socket.io-adapter-0.3.1.tgz#df81f970b4df6493902d93e519c7b72755c3a958"
  integrity sha512-DmOAXQyYdztliqS38RnnvG/YPHnPhGRg1C8/IT+Fkrg5JaC7Xtox+ItIbJ12B/5vmBJvaQFF1Px9U0ePjn+R3g==
  dependencies:
    debug "1.0.2"
    object-keys "1.0.1"
    socket.io-parser "2.2.2"

socket.io-client@1.3.3:
  version "1.3.3"
  resolved "https://registry.npmmirror.com/socket.io-client/-/socket.io-client-1.3.3.tgz#ce93693f1a6a33c066569b07321d1600848e30ff"
  integrity sha512-Zu0GQlGPrCLK5aIMw+qPF6K2LgWRMBS4Qhoq8fX5zD6qurmYeOBU2OZymA3Wbi7oXiL61vKjMLe7wXX4fXJPbw==
  dependencies:
    backo2 "1.0.2"
    component-bind "1.0.0"
    component-emitter "1.1.2"
    debug "0.7.4"
    engine.io-client "1.5.1"
    has-binary "0.1.6"
    indexof "0.0.1"
    object-component "0.0.3"
    parseuri "0.0.2"
    socket.io-parser "2.2.3"
    to-array "0.1.3"

socket.io-parser@2.2.2:
  version "2.2.2"
  resolved "https://registry.npmmirror.com/socket.io-parser/-/socket.io-parser-2.2.2.tgz#3d7af6b64497e956b7d9fe775f999716027f9417"
  integrity sha512-fM+hIkoQPh0oNLoL7yx39fvtqMncRTBekjENFPT8dEYHXqvRYC8yWwT+m9PW8wmYieUcqzw7yJnHNXzPAC9i9w==
  dependencies:
    benchmark "1.0.0"
    component-emitter "1.1.2"
    debug "0.7.4"
    isarray "0.0.1"
    json3 "3.2.6"

socket.io-parser@2.2.3:
  version "2.2.3"
  resolved "https://registry.npmmirror.com/socket.io-parser/-/socket.io-parser-2.2.3.tgz#6b2c2d6b971a0c0b8510eb83dd2d281a00ee7320"
  integrity sha512-0G3AYiTdnRciMBgEBURHYCMVuAph9N7fXXj8xlaSssFlRGcfbEYAuXLAJLHYozNelFiVYEZ3EBYLd3JD3SN9+w==
  dependencies:
    benchmark "1.0.0"
    component-emitter "1.1.2"
    debug "0.7.4"
    isarray "0.0.1"
    json3 "3.2.6"

socket.io@1.3.3:
  version "1.3.3"
  resolved "https://registry.npmmirror.com/socket.io/-/socket.io-1.3.3.tgz#2a1b62bf3a0205488d3a19573b53648262770f2b"
  integrity sha512-rAhIcOlxH0plj93OoumHYoTQblalUxffqoXC+LUU+H/wxIGy8sh4aaRbQFHhkPSiYNhsa41yn4d5RWVfbhvCaA==
  dependencies:
    debug "2.1.0"
    engine.io "1.5.1"
    has-binary-data "0.1.3"
    socket.io-adapter "0.3.1"
    socket.io-client "1.3.3"
    socket.io-parser "2.2.3"

stream-counter@~0.2.0:
  version "0.2.0"
  resolved "https://registry.npmmirror.com/stream-counter/-/stream-counter-0.2.0.tgz#ded266556319c8b0e222812b9cf3b26fa7d947de"
  integrity sha512-GjA2zKc2iXUUKRcOxXQmhEx0Ev3XHJ6c8yWGqhQjWwhGrqNwSsvq9YlRLgoGtZ5Kx2Ln94IedaqJ5GUG6aBbxA==
  dependencies:
    readable-stream "~1.1.8"

string_decoder@~0.10.x:
  version "0.10.31"
  resolved "https://registry.npmmirror.com/string_decoder/-/string_decoder-0.10.31.tgz#62e203bc41766c6c28c9fc84301dab1c5310fa94"
  integrity sha512-ev2QzSzWPYmy9GuqfIVildA4OdcGLeFZQrq5ys6RtiuF+RQQiZWr8TZNyAcuVXyQRYfEO+MsoB/1BuQVhOJuoQ==

tinycolor@0.x:
  version "0.0.1"
  resolved "https://registry.npmmirror.com/tinycolor/-/tinycolor-0.0.1.tgz#320b5a52d83abb5978d81a3e887d4aefb15a6164"
  integrity sha512-+CorETse1kl98xg0WAzii8DTT4ABF4R3nquhrkIbVGcw1T8JYs5Gfx9xEfGINPUZGDj9C4BmOtuKeaTtuuRolg==

to-array@0.1.3:
  version "0.1.3"
  resolved "https://registry.npmmirror.com/to-array/-/to-array-0.1.3.tgz#d45dadc6363417f60f28474fea50ecddbb4f4991"
  integrity sha512-JQk/QMS4oHyU2VufVeyjN25dcnZnr1PV1pa1oKSj7l5tVO9WrU62og3fYzB3mrgJZZgBxdrrA/v6iZzMDuyFYw==

uid2@0.0.3:
  version "0.0.3"
  resolved "https://registry.npmmirror.com/uid2/-/uid2-0.0.3.tgz#483126e11774df2f71b8b639dcd799c376162b82"
  integrity sha512-5gSP1liv10Gjp8cMEnFd6shzkL/D6W1uhXSFNCxDC+YI8+L8wkCYCbJ7n77Ezb4wE/xzMogecE+DtamEe9PZjg==

ultron@1.0.x:
  version "1.0.2"
  resolved "https://registry.npmmirror.com/ultron/-/ultron-1.0.2.tgz#ace116ab557cd197386a4e88f4685378c8b2e4fa"
  integrity sha512-QMpnpVtYaWEeY+MwKDN/UdKlE/LsFZXM5lO1u7GaZzNgmIbGixHEmVMIKT+vqYOALu3m5GYQy9kz4Xu4IVn7Ow==

utf8@2.0.0:
  version "2.0.0"
  resolved "https://registry.npmmirror.com/utf8/-/utf8-2.0.0.tgz#79ce59eced874809cab9a71fc7102c7d45d4118d"
  integrity sha512-jWXHr+bQ8RsWazLzVY3V7XACPTbBHYSg/VoDVok+DBQk5ULm0AuBCNb9tGmjq2H+znnkBFwjhzzCbn9G3xlYcA==

ws@0.4.31:
  version "0.4.31"
  resolved "https://registry.npmmirror.com/ws/-/ws-0.4.31.tgz#5a4849e7a9ccd1ed5a81aeb4847c9fedf3122927"
  integrity sha512-mWiVQ9qZGPXvLxQ4xGy58Ix5Bw0L99SB+hDT8L59bty4fbnQczaGl4YEWR7AzLQGbvPn/30r9/o41dPiSuUmYw==
  dependencies:
    commander "~0.6.1"
    nan "~0.3.0"
    options ">=0.0.5"
    tinycolor "0.x"

ws@0.5.0:
  version "0.5.0"
  resolved "https://registry.npmmirror.com/ws/-/ws-0.5.0.tgz#b3980391dc4777d83974718aa361e808d86cf9ca"
  integrity sha512-ewMTtzuS3WRFwMw6k+yvOHzl3JRjN5yZzwAkq3TYOViPYMrVjHzmyj6ni+ihNcgoFhxI2f33RvshqqOU3qdxgw==
  dependencies:
    nan "1.4.x"
    options ">=0.0.5"
    ultron "1.0.x"

"xmlhttprequest@https://github.com/rase-/node-XMLHttpRequest/archive/a6b6f2.tar.gz":
  version "1.5.0"
  resolved "https://github.com/rase-/node-XMLHttpRequest/archive/a6b6f2.tar.gz#20cafa5caa55f6db6bfaee849d1eb60ee43a5fca"
